{
	"name": "shopro-plus",
	"version": "1.0.0",
	"lockfileVersion": 1,
	"requires": true,
	"dependencies": {
		"@fortawesome/fontawesome-common-types": {
			"version": "0.2.35",
			"resolved": "https://registry.npmjs.org/@fortawesome/fontawesome-common-types/-/fontawesome-common-types-0.2.35.tgz",
			"integrity": "sha512-IHUfxSEDS9dDGqYwIW7wTN6tn/O8E0n5PcAHz9cAaBoZw6UpG20IG/YM3NNLaGPwPqgjBAFjIURzqoQs3rrtuw=="
		},
		"@fortawesome/free-solid-svg-icons": {
			"version": "5.15.3",
			"resolved": "https://registry.npmjs.org/@fortawesome/free-solid-svg-icons/-/free-solid-svg-icons-5.15.3.tgz",
			"integrity": "sha512-XPeeu1IlGYqz4VWGRAT5ukNMd4VHUEEJ7ysZ7pSSgaEtNvSo+FLurybGJVmiqkQdK50OkSja2bfZXOeyMGRD8Q==",
			"requires": {
				"@fortawesome/fontawesome-common-types": "^0.2.35"
			}
		},
		"cookie-storage": {
			"version": "6.1.0",
			"resolved": "https://registry.npmjs.org/cookie-storage/-/cookie-storage-6.1.0.tgz",
			"integrity": "sha512-HeVqbVy8BjXhAAuFtL6MTG+witHoLbxfky2jgVh9FmxmyL6IKa9gSSyPNjevXCCCxPu6Tzd9J8+eXTRQzYU/cg=="
		},
		"copy-text-to-clipboard": {
			"version": "3.0.1",
			"resolved": "https://registry.npmjs.org/copy-text-to-clipboard/-/copy-text-to-clipboard-3.0.1.tgz",
			"integrity": "sha512-rvVsHrpFcL4F2P8ihsoLdFHmd404+CMg71S756oRSeQgqk51U3kicGdnvfkrxva0xXH92SjGS62B0XIJsbh+9Q=="
		},
		"core-js": {
			"version": "3.16.0",
			"resolved": "https://registry.npmjs.org/core-js/-/core-js-3.16.0.tgz",
			"integrity": "sha512-5+5VxRFmSf97nM8Jr2wzOwLqRo6zphH2aX+7KsAUONObyzakDNq2G/bgbhinxB4PoV9L3aXQYhiDKyIKWd2c8g=="
		},
		"jweixin-module": {
			"version": "1.6.0",
			"resolved": "https://registry.npmjs.org/jweixin-module/-/jweixin-module-1.6.0.tgz",
			"integrity": "sha512-dGk9cf+ipipHmtzYmKZs5B2toX+p4hLyllGLF6xuC8t+B05oYxd8fYoaRz0T30U2n3RUv8a4iwvjhA+OcYz52w=="
		},
		"mutation-observer": {
			"version": "1.0.3",
			"resolved": "https://registry.npmjs.org/mutation-observer/-/mutation-observer-1.0.3.tgz",
			"integrity": "sha512-M/O/4rF2h776hV7qGMZUH3utZLO/jK7p8rnNgGkjKUw8zCGjRQPxB8z6+5l8+VjRUQ3dNYu4vjqXYLr+U8ZVNA=="
		},
		"svelte-fa": {
			"version": "2.2.1",
			"resolved": "https://registry.npmjs.org/svelte-fa/-/svelte-fa-2.2.1.tgz",
			"integrity": "sha512-zSMwI7P9654VSFDXUVsJ748QwKRcWHrb5ZW1FVLiD/9X81hpY2QSXcDtDgqtTyulvXQcl/2khFfk0CNMRYLlNA=="
		},
		"uni-read-pages": {
			"version": "1.0.5",
			"resolved": "https://registry.npmjs.org/uni-read-pages/-/uni-read-pages-1.0.5.tgz",
			"integrity": "sha512-GkrrZ0LX0vn9R5k6RKEi0Ez3Q3e2vUpjXQ8Z6/K/d28KudI9ajqgt8WEjQFlG5EPm1K6uTArN8LlqmZTEixDUA=="
		},
		"uni-simple-router": {
			"version": "2.0.6",
			"resolved": "https://registry.npmjs.org/uni-simple-router/-/uni-simple-router-2.0.6.tgz",
			"integrity": "sha512-n5gepoT3QcBrvVLeTCY/DjUjC4m1hNzwFlOa1VlCsww/4/34MGfvegpN9OWR8jOxxtUPKGHLAG0yODL/ITCwbw=="
		},
		"vconsole": {
			"version": "3.9.1",
			"resolved": "https://registry.npmjs.org/vconsole/-/vconsole-3.9.1.tgz",
			"integrity": "sha512-pAqWMsRtxxmXRzTGAG9AT/qfzmQ9Df0UPuQ0ut1aSUiwvK5Hki3IrxurE9iFkFsJX8cGmSjYEAQf7fRc86VBhA==",
			"requires": {
				"@fortawesome/free-solid-svg-icons": "^5.15.3",
				"cookie-storage": "^6.1.0",
				"copy-text-to-clipboard": "^3.0.1",
				"core-js": "^3.11.0",
				"mutation-observer": "^1.0.3",
				"svelte-fa": "^2.2.1"
			}
		}
	}
}
